<?xml version="1.0" encoding="utf-8"?>
<Project ToolsVersion="4.0" xmlns="http://schemas.microsoft.com/developer/msbuild/2003">
  <ItemGroup>
    <ClCompile Include="src\ofApp.cpp">
      <Filter>src</Filter>
    </ClCompile>
    <ClCompile Include="src\main.cpp">
      <Filter>src</Filter>
    </ClCompile>
    <ClCompile Include="src\emitter.cpp">
      <Filter>src</Filter>
    </ClCompile>
    <ClCompile Include="src\main.cpp">
      <Filter>src</Filter>
    </ClCompile>
    <ClCompile Include="src\ofApp.cpp">
      <Filter>src</Filter>
    </ClCompile>
    <ClCompile Include="src\particle.cpp">
      <Filter>src</Filter>
    </ClCompile>
    <ClCompile Include="..\..\..\addons\ofxGui\src\ofxBaseGui.cpp">
      <Filter>addons\ofxGui\src</Filter>
    </ClCompile>
    <ClCompile Include="..\..\..\addons\ofxGui\src\ofxButton.cpp">
      <Filter>addons\ofxGui\src</Filter>
    </ClCompile>
    <ClCompile Include="..\..\..\addons\ofxGui\src\ofxColorPicker.cpp">
      <Filter>addons\ofxGui\src</Filter>
    </ClCompile>
    <ClCompile Include="..\..\..\addons\ofxGui\src\ofxGuiGroup.cpp">
      <Filter>addons\ofxGui\src</Filter>
    </ClCompile>
    <ClCompile Include="..\..\..\addons\ofxGui\src\ofxInputField.cpp">
      <Filter>addons\ofxGui\src</Filter>
    </ClCompile>
    <ClCompile Include="..\..\..\addons\ofxGui\src\ofxLabel.cpp">
      <Filter>addons\ofxGui\src</Filter>
    </ClCompile>
    <ClCompile Include="..\..\..\addons\ofxGui\src\ofxPanel.cpp">
      <Filter>addons\ofxGui\src</Filter>
    </ClCompile>
    <ClCompile Include="..\..\..\addons\ofxGui\src\ofxSlider.cpp">
      <Filter>addons\ofxGui\src</Filter>
    </ClCompile>
    <ClCompile Include="..\..\..\addons\ofxGui\src\ofxSliderGroup.cpp">
      <Filter>addons\ofxGui\src</Filter>
    </ClCompile>
    <ClCompile Include="..\..\..\addons\ofxGui\src\ofxToggle.cpp">
      <Filter>addons\ofxGui\src</Filter>
    </ClCompile>
    <ClCompile Include="..\..\..\addons\ofxImGui\src\BaseEngine.cpp">
      <Filter>addons\ofxImGui\src</Filter>
    </ClCompile>
    <ClCompile Include="..\..\..\addons\ofxImGui\src\DefaultTheme.cpp">
      <Filter>addons\ofxImGui\src</Filter>
    </ClCompile>
    <ClCompile Include="..\..\..\addons\ofxImGui\src\EngineGLFW.cpp">
      <Filter>addons\ofxImGui\src</Filter>
    </ClCompile>
    <ClCompile Include="..\..\..\addons\ofxImGui\src\EngineOpenGLES.cpp">
      <Filter>addons\ofxImGui\src</Filter>
    </ClCompile>
    <ClCompile Include="..\..\..\addons\ofxImGui\src\EngineVk.cpp">
      <Filter>addons\ofxImGui\src</Filter>
    </ClCompile>
    <ClCompile Include="..\..\..\addons\ofxImGui\src\Gui.cpp">
      <Filter>addons\ofxImGui\src</Filter>
    </ClCompile>
    <ClCompile Include="..\..\..\addons\ofxImGui\src\ImHelpers.cpp">
      <Filter>addons\ofxImGui\src</Filter>
    </ClCompile>
    <ClCompile Include="..\..\..\addons\ofxImGui\src\ofxImGuiLoggerChannel.cpp">
      <Filter>addons\ofxImGui\src</Filter>
    </ClCompile>
    <ClCompile Include="..\..\..\addons\ofxImGui\libs\imgui\src\imgui.cpp">
      <Filter>addons\ofxImGui\libs\imgui\src</Filter>
    </ClCompile>
    <ClCompile Include="..\..\..\addons\ofxImGui\libs\imgui\src\imgui_demo.cpp">
      <Filter>addons\ofxImGui\libs\imgui\src</Filter>
    </ClCompile>
    <ClCompile Include="..\..\..\addons\ofxImGui\libs\imgui\src\imgui_draw.cpp">
      <Filter>addons\ofxImGui\libs\imgui\src</Filter>
    </ClCompile>
    <ClCompile Include="..\..\..\addons\ofxImGui\libs\imgui\src\imgui_widgets.cpp">
      <Filter>addons\ofxImGui\libs\imgui\src</Filter>
    </ClCompile>
    <ClCompile Include="..\..\..\addons\ofxVectorGraphics\src\ofxVectorGraphics.cpp">
      <Filter>addons\ofxVectorGraphics\src</Filter>
    </ClCompile>
    <ClCompile Include="..\..\..\addons\ofxVectorGraphics\libs\CreEPS.cpp">
      <Filter>addons\ofxVectorGraphics\libs</Filter>
    </ClCompile>
    <ClCompile Include="..\..\..\addons\ofxImGui\src\imgui_stdlib.cpp">
      <Filter>addons\ofxImGui\src</Filter>
    </ClCompile>
  </ItemGroup>
  <ItemGroup>
    <Filter Include="src">
      <UniqueIdentifier>{d8376475-7454-4a24-b08a-aac121d3ad6f}</UniqueIdentifier>
    </Filter>
    <Filter Include="addons">
      <UniqueIdentifier>{B959CF83--AA5-4-4E-47-9-BB8-2CCD260605D8}</UniqueIdentifier>
    </Filter>
    <Filter Include="addons\ofxGui">
      <UniqueIdentifier>{E966334D--350-9-42-B1-8-48E-33640CE43AE7}</UniqueIdentifier>
    </Filter>
    <Filter Include="addons\ofxGui\src">
      <UniqueIdentifier>{8252B763--615-C-43-A7-A-B2F-DF53751FF664}</UniqueIdentifier>
    </Filter>
    <Filter Include="addons\ofxImGui">
      <UniqueIdentifier>{7580937A--CB0-D-4F-FF-8-A5E-C8858C45BA06}</UniqueIdentifier>
    </Filter>
    <Filter Include="addons\ofxImGui\src">
      <UniqueIdentifier>{FD821D58--44B-0-45-66-8-C31-40EDDB7CDF2B}</UniqueIdentifier>
    </Filter>
    <Filter Include="addons\ofxImGui\libs">
      <UniqueIdentifier>{2E1F6623--F43-6-4F-BC-8-FCC-A75550349173}</UniqueIdentifier>
    </Filter>
    <Filter Include="addons\ofxImGui\libs\imgui">
      <UniqueIdentifier>{DF8EBB53--FC0-A-46-48-A-12A-24C40D1F1360}</UniqueIdentifier>
    </Filter>
    <Filter Include="addons\ofxImGui\libs\imgui\src">
      <UniqueIdentifier>{28D28F24--B3B-2-4C-65-9-005-CB60A150A844}</UniqueIdentifier>
    </Filter>
    <Filter Include="addons\ofxVectorGraphics">
      <UniqueIdentifier>{48585817--CC1-6-42-1E-A-C93-A5E5AB0D7198}</UniqueIdentifier>
    </Filter>
    <Filter Include="addons\ofxVectorGraphics\src">
      <UniqueIdentifier>{CB5DE1B9--6D3-3-4C-5B-B-FC7-3C56CF88586A}</UniqueIdentifier>
    </Filter>
    <Filter Include="addons\ofxVectorGraphics\libs">
      <UniqueIdentifier>{98B0E307--462-F-4A-96-A-B3D-9B4120FB2EC4}</UniqueIdentifier>
    </Filter>
  </ItemGroup>
  <ItemGroup>
    <ClInclude Include="src\ofApp.h">
      <Filter>src</Filter>
    </ClInclude>
    <ClInclude Include="src\collider.h">
      <Filter>src</Filter>
    </ClInclude>
    <ClInclude Include="src\emitter.h">
      <Filter>src</Filter>
    </ClInclude>
    <ClInclude Include="src\manager.h">
      <Filter>src</Filter>
    </ClInclude>
    <ClInclude Include="src\ofApp.h">
      <Filter>src</Filter>
    </ClInclude>
    <ClInclude Include="src\particle.h">
      <Filter>src</Filter>
    </ClInclude>
    <ClInclude Include="src\scene.h">
      <Filter>src</Filter>
    </ClInclude>
    <ClInclude Include="..\..\..\addons\ofxGui\src\ofxBaseGui.h">
      <Filter>addons\ofxGui\src</Filter>
    </ClInclude>
    <ClInclude Include="..\..\..\addons\ofxGui\src\ofxButton.h">
      <Filter>addons\ofxGui\src</Filter>
    </ClInclude>
    <ClInclude Include="..\..\..\addons\ofxGui\src\ofxColorPicker.h">
      <Filter>addons\ofxGui\src</Filter>
    </ClInclude>
    <ClInclude Include="..\..\..\addons\ofxGui\src\ofxGui.h">
      <Filter>addons\ofxGui\src</Filter>
    </ClInclude>
    <ClInclude Include="..\..\..\addons\ofxGui\src\ofxGuiGroup.h">
      <Filter>addons\ofxGui\src</Filter>
    </ClInclude>
    <ClInclude Include="..\..\..\addons\ofxGui\src\ofxGuiUtils.h">
      <Filter>addons\ofxGui\src</Filter>
    </ClInclude>
    <ClInclude Include="..\..\..\addons\ofxGui\src\ofxInputField.h">
      <Filter>addons\ofxGui\src</Filter>
    </ClInclude>
    <ClInclude Include="..\..\..\addons\ofxGui\src\ofxLabel.h">
      <Filter>addons\ofxGui\src</Filter>
    </ClInclude>
    <ClInclude Include="..\..\..\addons\ofxGui\src\ofxPanel.h">
      <Filter>addons\ofxGui\src</Filter>
    </ClInclude>
    <ClInclude Include="..\..\..\addons\ofxGui\src\ofxSlider.h">
      <Filter>addons\ofxGui\src</Filter>
    </ClInclude>
    <ClInclude Include="..\..\..\addons\ofxGui\src\ofxSliderGroup.h">
      <Filter>addons\ofxGui\src</Filter>
    </ClInclude>
    <ClInclude Include="..\..\..\addons\ofxGui\src\ofxToggle.h">
      <Filter>addons\ofxGui\src</Filter>
    </ClInclude>
    <ClInclude Include="..\..\..\addons\ofxImGui\src\BaseEngine.h">
      <Filter>addons\ofxImGui\src</Filter>
    </ClInclude>
    <ClInclude Include="..\..\..\addons\ofxImGui\src\BaseTheme.h">
      <Filter>addons\ofxImGui\src</Filter>
    </ClInclude>
    <ClInclude Include="..\..\..\addons\ofxImGui\src\DefaultTheme.h">
      <Filter>addons\ofxImGui\src</Filter>
    </ClInclude>
    <ClInclude Include="..\..\..\addons\ofxImGui\src\EngineGLFW.h">
      <Filter>addons\ofxImGui\src</Filter>
    </ClInclude>
    <ClInclude Include="..\..\..\addons\ofxImGui\src\EngineOpenGLES.h">
      <Filter>addons\ofxImGui\src</Filter>
    </ClInclude>
    <ClInclude Include="..\..\..\addons\ofxImGui\src\EngineVk.h">
      <Filter>addons\ofxImGui\src</Filter>
    </ClInclude>
    <ClInclude Include="..\..\..\addons\ofxImGui\src\Gui.h">
      <Filter>addons\ofxImGui\src</Filter>
    </ClInclude>
    <ClInclude Include="..\..\..\addons\ofxImGui\src\imconfig.h">
      <Filter>addons\ofxImGui\src</Filter>
    </ClInclude>
    <ClInclude Include="..\..\..\addons\ofxImGui\src\ImHelpers.h">
      <Filter>addons\ofxImGui\src</Filter>
    </ClInclude>
    <ClInclude Include="..\..\..\addons\ofxImGui\src\ofxImGui.h">
      <Filter>addons\ofxImGui\src</Filter>
    </ClInclude>
    <ClInclude Include="..\..\..\addons\ofxImGui\src\ofxImGuiLoggerChannel.h">
      <Filter>addons\ofxImGui\src</Filter>
    </ClInclude>
    <ClInclude Include="..\..\..\addons\ofxImGui\libs\imgui\src\imgui.h">
      <Filter>addons\ofxImGui\libs\imgui\src</Filter>
    </ClInclude>
    <ClInclude Include="..\..\..\addons\ofxImGui\libs\imgui\src\imgui_internal.h">
      <Filter>addons\ofxImGui\libs\imgui\src</Filter>
    </ClInclude>
    <ClInclude Include="..\..\..\addons\ofxImGui\libs\imgui\src\imstb_rectpack.h">
      <Filter>addons\ofxImGui\libs\imgui\src</Filter>
    </ClInclude>
    <ClInclude Include="..\..\..\addons\ofxImGui\libs\imgui\src\imstb_textedit.h">
      <Filter>addons\ofxImGui\libs\imgui\src</Filter>
    </ClInclude>
    <ClInclude Include="..\..\..\addons\ofxImGui\libs\imgui\src\imstb_truetype.h">
      <Filter>addons\ofxImGui\libs\imgui\src</Filter>
    </ClInclude>
    <ClInclude Include="..\..\..\addons\ofxVectorGraphics\src\ofxVectorGraphics.h">
      <Filter>addons\ofxVectorGraphics\src</Filter>
    </ClInclude>
    <ClInclude Include="..\..\..\addons\ofxVectorGraphics\libs\CreEPS.hpp">
      <Filter>addons\ofxVectorGraphics\libs</Filter>
    </ClInclude>
    <ClInclude Include="..\..\..\addons\ofxVectorGraphics\libs\CreEPS_Types.hpp">
      <Filter>addons\ofxVectorGraphics\libs</Filter>
    </ClInclude>
    <ClInclude Include="..\..\..\addons\ofxImGui\src\imgui_stdlib.h">
      <Filter>addons\ofxImGui\src</Filter>
    </ClInclude>
  </ItemGroup>
  <ItemGroup>
    <ResourceCompile Include="icon.rc" />
  </ItemGroup>
</Project>